# This file is automatically @generated by Poetry 1.8.3 and should not be changed by hand.

[[package]]
name = "automata-lib"
version = "8.4.0"
description = "A Python library for simulating finite automata, pushdown automata, and Turing machines"
optional = false
python-versions = ">=3.8"
files = [
    {file = "automata_lib-8.4.0-py3-none-any.whl", hash = "sha256:01ffec1c6af7e707ca6018ec0962fcc9910749838fc4f12a2d44a32d0ab2bc9c"},
    {file = "automata_lib-8.4.0.tar.gz", hash = "sha256:d51c5414905c53326613627ac73d20c0f5c050351483829943f2e55fb4773f54"},
]

[package.dependencies]
cached-method = ">=0.1.0"
frozendict = ">=2.3.4"
networkx = ">=2.6.2"
typing-extensions = ">=4.5.0"

[package.extras]
visual = ["coloraide (>=1.8.2)", "pygraphviz (>=1.10)"]

[[package]]
name = "cached-method"
version = "0.1.0"
description = "The equivalent of cached_property for methods"
optional = false
python-versions = ">= 3.6"
files = [
    {file = "cached_method-0.1.0-py3-none-any.whl", hash = "sha256:a71720f7cab565131bb5e4189b6ca5902635435e0e017d0fd1261712d8c3dc0c"},
    {file = "cached_method-0.1.0.tar.gz", hash = "sha256:0958d0422a90e24c215fb61f9633fd9faf566c8f7d15478493989abef8699d73"},
]

[package.extras]
test = ["pytest"]

[[package]]
name = "coloraide"
version = "4.0"
description = "A color library for Python."
optional = false
python-versions = ">=3.8"
files = [
    {file = "coloraide-4.0-py3-none-any.whl", hash = "sha256:9de6c0fb352ff66413010b10adb539b623addca54c6fae95862dd9af36968c84"},
    {file = "coloraide-4.0.tar.gz", hash = "sha256:13efcc3dc3da716b7fd5aaf6e71d9259bb064b10a74888be2a56b6fc49c5e238"},
]

[[package]]
name = "frozendict"
version = "2.4.4"
description = "A simple immutable dictionary"
optional = false
python-versions = ">=3.6"
files = [
    {file = "frozendict-2.4.4-cp310-cp310-macosx_11_0_arm64.whl", hash = "sha256:4a59578d47b3949437519b5c39a016a6116b9e787bb19289e333faae81462e59"},
    {file = "frozendict-2.4.4-cp310-cp310-manylinux_2_17_aarch64.manylinux2014_aarch64.whl", hash = "sha256:12a342e439aef28ccec533f0253ea53d75fe9102bd6ea928ff530e76eac38906"},
    {file = "frozendict-2.4.4-cp310-cp310-manylinux_2_17_x86_64.manylinux2014_x86_64.whl", hash = "sha256:7f79c26dff10ce11dad3b3627c89bb2e87b9dd5958c2b24325f16a23019b8b94"},
    {file = "frozendict-2.4.4-cp310-cp310-musllinux_1_1_aarch64.whl", hash = "sha256:2bd009cf4fc47972838a91e9b83654dc9a095dc4f2bb3a37c3f3124c8a364543"},
    {file = "frozendict-2.4.4-cp310-cp310-musllinux_1_1_x86_64.whl", hash = "sha256:87ebcde21565a14fe039672c25550060d6f6d88cf1f339beac094c3b10004eb0"},
    {file = "frozendict-2.4.4-cp310-cp310-win_amd64.whl", hash = "sha256:fefeb700bc7eb8b4c2dc48704e4221860d254c8989fb53488540bc44e44a1ac2"},
    {file = "frozendict-2.4.4-cp310-cp310-win_arm64.whl", hash = "sha256:4297d694eb600efa429769125a6f910ec02b85606f22f178bafbee309e7d3ec7"},
    {file = "frozendict-2.4.4-cp36-cp36m-manylinux_2_17_aarch64.manylinux2014_aarch64.whl", hash = "sha256:812ab17522ba13637826e65454115a914c2da538356e85f43ecea069813e4b33"},
    {file = "frozendict-2.4.4-cp36-cp36m-manylinux_2_17_x86_64.manylinux2014_x86_64.whl", hash = "sha256:7fee9420475bb6ff357000092aa9990c2f6182b2bab15764330f4ad7de2eae49"},
    {file = "frozendict-2.4.4-cp36-cp36m-musllinux_1_1_aarch64.whl", hash = "sha256:3148062675536724502c6344d7c485dd4667fdf7980ca9bd05e338ccc0c4471e"},
    {file = "frozendict-2.4.4-cp36-cp36m-musllinux_1_1_x86_64.whl", hash = "sha256:78c94991944dd33c5376f720228e5b252ee67faf3bac50ef381adc9e51e90d9d"},
    {file = "frozendict-2.4.4-cp36-cp36m-win_amd64.whl", hash = "sha256:1697793b5f62b416c0fc1d94638ec91ed3aa4ab277f6affa3a95216ecb3af170"},
    {file = "frozendict-2.4.4-cp37-cp37m-manylinux_2_17_aarch64.manylinux2014_aarch64.whl", hash = "sha256:199a4d32194f3afed6258de7e317054155bc9519252b568d9cfffde7e4d834e5"},
    {file = "frozendict-2.4.4-cp37-cp37m-manylinux_2_17_x86_64.manylinux2014_x86_64.whl", hash = "sha256:85375ec6e979e6373bffb4f54576a68bf7497c350861d20686ccae38aab69c0a"},
    {file = "frozendict-2.4.4-cp37-cp37m-musllinux_1_1_aarch64.whl", hash = "sha256:2d8536e068d6bf281f23fa835ac07747fb0f8851879dd189e9709f9567408b4d"},
    {file = "frozendict-2.4.4-cp37-cp37m-musllinux_1_1_x86_64.whl", hash = "sha256:259528ba6b56fa051bc996f1c4d8b57e30d6dd3bc2f27441891b04babc4b5e73"},
    {file = "frozendict-2.4.4-cp37-cp37m-win_amd64.whl", hash = "sha256:07c3a5dee8bbb84cba770e273cdbf2c87c8e035903af8f781292d72583416801"},
    {file = "frozendict-2.4.4-cp38-cp38-macosx_11_0_arm64.whl", hash = "sha256:6874fec816b37b6eb5795b00e0574cba261bf59723e2de607a195d5edaff0786"},
    {file = "frozendict-2.4.4-cp38-cp38-manylinux_2_17_aarch64.manylinux2014_aarch64.whl", hash = "sha256:c8f92425686323a950337da4b75b4c17a3327b831df8c881df24038d560640d4"},
    {file = "frozendict-2.4.4-cp38-cp38-manylinux_2_17_x86_64.manylinux2014_x86_64.whl", hash = "sha256:5d58d9a8d9e49662c6dafbea5e641f97decdb3d6ccd76e55e79818415362ba25"},
    {file = "frozendict-2.4.4-cp38-cp38-musllinux_1_1_aarch64.whl", hash = "sha256:93a7b19afb429cbf99d56faf436b45ef2fa8fe9aca89c49eb1610c3bd85f1760"},
    {file = "frozendict-2.4.4-cp38-cp38-musllinux_1_1_x86_64.whl", hash = "sha256:2b70b431e3a72d410a2cdf1497b3aba2f553635e0c0f657ce311d841bf8273b6"},
    {file = "frozendict-2.4.4-cp38-cp38-win_amd64.whl", hash = "sha256:e1b941132d79ce72d562a13341d38fc217bc1ee24d8c35a20d754e79ff99e038"},
    {file = "frozendict-2.4.4-cp39-cp39-macosx_11_0_arm64.whl", hash = "sha256:dc2228874eacae390e63fd4f2bb513b3144066a977dc192163c9f6c7f6de6474"},
    {file = "frozendict-2.4.4-cp39-cp39-manylinux_2_17_aarch64.manylinux2014_aarch64.whl", hash = "sha256:63aa49f1919af7d45fb8fd5dec4c0859bc09f46880bd6297c79bb2db2969b63d"},
    {file = "frozendict-2.4.4-cp39-cp39-manylinux_2_17_x86_64.manylinux2014_x86_64.whl", hash = "sha256:c6bf9260018d653f3cab9bd147bd8592bf98a5c6e338be0491ced3c196c034a3"},
    {file = "frozendict-2.4.4-cp39-cp39-musllinux_1_1_aarch64.whl", hash = "sha256:6eb716e6a6d693c03b1d53280a1947716129f5ef9bcdd061db5c17dea44b80fe"},
    {file = "frozendict-2.4.4-cp39-cp39-musllinux_1_1_x86_64.whl", hash = "sha256:d13b4310db337f4d2103867c5a05090b22bc4d50ca842093779ef541ea9c9eea"},
    {file = "frozendict-2.4.4-cp39-cp39-win_amd64.whl", hash = "sha256:b3b967d5065872e27b06f785a80c0ed0a45d1f7c9b85223da05358e734d858ca"},
    {file = "frozendict-2.4.4-cp39-cp39-win_arm64.whl", hash = "sha256:4ae8d05c8d0b6134bfb6bfb369d5fa0c4df21eabb5ca7f645af95fdc6689678e"},
    {file = "frozendict-2.4.4-py311-none-any.whl", hash = "sha256:705efca8d74d3facbb6ace80ab3afdd28eb8a237bfb4063ed89996b024bc443d"},
    {file = "frozendict-2.4.4-py312-none-any.whl", hash = "sha256:d9647563e76adb05b7cde2172403123380871360a114f546b4ae1704510801e5"},
    {file = "frozendict-2.4.4.tar.gz", hash = "sha256:3f7c031b26e4ee6a3f786ceb5e3abf1181c4ade92dce1f847da26ea2c96008c7"},
]

[[package]]
name = "networkx"
version = "3.3"
description = "Python package for creating and manipulating graphs and networks"
optional = false
python-versions = ">=3.10"
files = [
    {file = "networkx-3.3-py3-none-any.whl", hash = "sha256:28575580c6ebdaf4505b22c6256a2b9de86b316dc63ba9e93abde3d78dfdbcf2"},
    {file = "networkx-3.3.tar.gz", hash = "sha256:0c127d8b2f4865f59ae9cb8aafcd60b5c70f3241ebd66f7defad7c4ab90126c9"},
]

[package.extras]
default = ["matplotlib (>=3.6)", "numpy (>=1.23)", "pandas (>=1.4)", "scipy (>=1.9,!=1.11.0,!=1.11.1)"]
developer = ["changelist (==0.5)", "mypy (>=1.1)", "pre-commit (>=3.2)", "rtoml"]
doc = ["myst-nb (>=1.0)", "numpydoc (>=1.7)", "pillow (>=9.4)", "pydata-sphinx-theme (>=0.14)", "sphinx (>=7)", "sphinx-gallery (>=0.14)", "texext (>=0.6.7)"]
extra = ["lxml (>=4.6)", "pydot (>=2.0)", "pygraphviz (>=1.12)", "sympy (>=1.10)"]
test = ["pytest (>=7.2)", "pytest-cov (>=4.0)"]

[[package]]
name = "pygraphviz"
version = "1.14"
description = "Python interface to Graphviz"
optional = false
python-versions = ">=3.10"
files = [
    {file = "pygraphviz-1.14.tar.gz", hash = "sha256:c10df02377f4e39b00ae17c862f4ee7e5767317f1c6b2dfd04cea6acc7fc2bea"},
]

[[package]]
name = "typing-extensions"
version = "4.12.2"
description = "Backported and Experimental Type Hints for Python 3.8+"
optional = false
python-versions = ">=3.8"
files = [
    {file = "typing_extensions-4.12.2-py3-none-any.whl", hash = "sha256:04e5ca0351e0f3f85c6853954072df659d0d13fac324d0072316b67d7794700d"},
    {file = "typing_extensions-4.12.2.tar.gz", hash = "sha256:1a7ead55c7e559dd4dee8856e3a88b41225abfe1ce8df57b7c13915fe121ffb8"},
]

[metadata]
lock-version = "2.0"
python-versions = "^3.12"
content-hash = "f75e9c157d45bc1bbb6bdab3d07f9c3a12aafffebe957bfb4a45c321538b18b2"
